
Microsoft Visual Studio Solution File, Format Version 12.00
# Visual Studio Version 16
VisualStudioVersion = 16.0.32126.315
MinimumVisualStudioVersion = 10.0.40219.1
Project("{2150E333-8FDC-42A3-9474-1A3956D46DE8}") = "01 - Exercicio", "01 - Exercicio", "{1A6D9E00-FD4D-40BB-84D6-E4CE16B4661F}"
EndProject
Project("{9A19103F-16F7-4668-BE54-9A1E7A4F7556}") = "exericio - um", "exericio - um\exericio - um.csproj", "{7C5DE166-1CBF-4805-B333-09226A7489C5}"
EndProject
Project("{2150E333-8FDC-42A3-9474-1A3956D46DE8}") = "02 - Exercicio", "02 - Exercicio", "{E24FA9B1-CFEB-44E7-BF96-CA323CEFCB0E}"
EndProject
Project("{2150E333-8FDC-42A3-9474-1A3956D46DE8}") = "03 - Exercicio", "03 - Exercicio", "{19EA5881-B7AF-4904-96F1-A2F959D7296A}"
EndProject
Project("{9A19103F-16F7-4668-BE54-9A1E7A4F7556}") = "exercicio - 03", "exercicio - 03\exercicio - 03.csproj", "{0BED4446-AB2A-4E47-88F9-5135EED296B0}"
EndProject
Project("{2150E333-8FDC-42A3-9474-1A3956D46DE8}") = "04 - Exercicio", "04 - Exercicio", "{B261CD09-D0BF-46CC-B300-B10323AD5FEB}"
EndProject
Project("{9A19103F-16F7-4668-BE54-9A1E7A4F7556}") = "exercicio - quatro", "exercicio - quatro\exercicio - quatro.csproj", "{97F61C98-1533-4D87-8294-BA169BF679B7}"
EndProject
Project("{9A19103F-16F7-4668-BE54-9A1E7A4F7556}") = "exercicio - dois", "exercicio - dois\exercicio - dois.csproj", "{905E69E3-EB14-4DB3-907C-F6B18F213250}"
EndProject
Project("{2150E333-8FDC-42A3-9474-1A3956D46DE8}") = "05 - Exercicio", "05 - Exercicio", "{AEE5E764-C8D2-401B-A55C-C211630E6D0F}"
EndProject
Project("{9A19103F-16F7-4668-BE54-9A1E7A4F7556}") = "exercicio - cinco", "exercicio - cinco\exercicio - cinco.csproj", "{4772039E-77F2-4055-B9E0-197403B5EE35}"
EndProject
Project("{2150E333-8FDC-42A3-9474-1A3956D46DE8}") = "05 - Exercicio", "05 - Exercicio", "{79E295EA-5E02-425D-A714-937DED173BB0}"
EndProject
Project("{9A19103F-16F7-4668-BE54-9A1E7A4F7556}") = "exercicio 05", "exercicio 05\exercicio 05.csproj", "{4F4564E0-F335-4951-B19E-EF40B56FC787}"
EndProject
Project("{2150E333-8FDC-42A3-9474-1A3956D46DE8}") = "06 - Exercicio", "06 - Exercicio", "{00F942B3-47AB-4858-B868-8A142A8A437F}"
EndProject
Project("{9A19103F-16F7-4668-BE54-9A1E7A4F7556}") = "Exercicio- 06", "Exercicio- 06\Exercicio- 06.csproj", "{FB0FDC78-6AA1-422B-8A5D-AA137CC3D28D}"
EndProject
Project("{2150E333-8FDC-42A3-9474-1A3956D46DE8}") = "07 - Exercicio", "07 - Exercicio", "{7CDBA482-FF69-40CB-A7AF-B6223ACB5CAF}"
EndProject
Project("{9A19103F-16F7-4668-BE54-9A1E7A4F7556}") = "Exercicio 07", "Exercicio 07\Exercicio 07.csproj", "{4251DD9D-24B6-4302-8C18-5FA3A1295A3E}"
EndProject
Project("{2150E333-8FDC-42A3-9474-1A3956D46DE8}") = "09 - Exercicio", "09 - Exercicio", "{CBA5C47A-8D5A-4689-A8AE-A56D46F490C6}"
EndProject
Project("{FAE04EC0-301F-11D3-BF4B-00C04F79EFBC}") = "Exercicio - 09", "Exercicio - 09\Exercicio - 09.csproj", "{C2572E66-0104-48C7-B83F-507A9D4AB7A3}"
EndProject
Project("{2150E333-8FDC-42A3-9474-1A3956D46DE8}") = "08 - Exericico", "08 - Exericico", "{6D98CB0C-392A-475F-BD7C-FB1024186960}"
EndProject
Project("{FAE04EC0-301F-11D3-BF4B-00C04F79EFBC}") = "Exercicio - 08", "Exercicio - 08\Exercicio - 08.csproj", "{60E3A31F-0F0E-42F2-9B2E-4298D038B345}"
EndProject
Project("{2150E333-8FDC-42A3-9474-1A3956D46DE8}") = "LISTA NOVA - 07 EXERCICIO", "LISTA NOVA - 07 EXERCICIO", "{F1270D7F-F7E9-44CA-B626-7FCBC65FE0F2}"
EndProject
Project("{FAE04EC0-301F-11D3-BF4B-00C04F79EFBC}") = "Exercicio.7", "Exercicio.7\Exercicio.7.csproj", "{DF1747F3-1A95-423E-815B-CC5484271249}"
EndProject
Project("{2150E333-8FDC-42A3-9474-1A3956D46DE8}") = "LISTA NOVA - 08 EXERCICIO", "LISTA NOVA - 08 EXERCICIO", "{C5F15A51-4ED0-4B8A-ADD8-32ADAE7A43D1}"
EndProject
Project("{FAE04EC0-301F-11D3-BF4B-00C04F79EFBC}") = "exercicio.oito", "exercicio - oito 08\exercicio.oito.csproj", "{65938D47-10FB-437C-812C-647FB3451D00}"
EndProject
Global
	GlobalSection(SolutionConfigurationPlatforms) = preSolution
		Debug|Any CPU = Debug|Any CPU
		Release|Any CPU = Release|Any CPU
	EndGlobalSection
	GlobalSection(ProjectConfigurationPlatforms) = postSolution
		{7C5DE166-1CBF-4805-B333-09226A7489C5}.Debug|Any CPU.ActiveCfg = Debug|Any CPU
		{7C5DE166-1CBF-4805-B333-09226A7489C5}.Debug|Any CPU.Build.0 = Debug|Any CPU
		{7C5DE166-1CBF-4805-B333-09226A7489C5}.Release|Any CPU.ActiveCfg = Release|Any CPU
		{7C5DE166-1CBF-4805-B333-09226A7489C5}.Release|Any CPU.Build.0 = Release|Any CPU
		{0BED4446-AB2A-4E47-88F9-5135EED296B0}.Debug|Any CPU.ActiveCfg = Debug|Any CPU
		{0BED4446-AB2A-4E47-88F9-5135EED296B0}.Debug|Any CPU.Build.0 = Debug|Any CPU
		{0BED4446-AB2A-4E47-88F9-5135EED296B0}.Release|Any CPU.ActiveCfg = Release|Any CPU
		{0BED4446-AB2A-4E47-88F9-5135EED296B0}.Release|Any CPU.Build.0 = Release|Any CPU
		{97F61C98-1533-4D87-8294-BA169BF679B7}.Debug|Any CPU.ActiveCfg = Debug|Any CPU
		{97F61C98-1533-4D87-8294-BA169BF679B7}.Debug|Any CPU.Build.0 = Debug|Any CPU
		{97F61C98-1533-4D87-8294-BA169BF679B7}.Release|Any CPU.ActiveCfg = Release|Any CPU
		{97F61C98-1533-4D87-8294-BA169BF679B7}.Release|Any CPU.Build.0 = Release|Any CPU
		{905E69E3-EB14-4DB3-907C-F6B18F213250}.Debug|Any CPU.ActiveCfg = Debug|Any CPU
		{905E69E3-EB14-4DB3-907C-F6B18F213250}.Debug|Any CPU.Build.0 = Debug|Any CPU
		{905E69E3-EB14-4DB3-907C-F6B18F213250}.Release|Any CPU.ActiveCfg = Release|Any CPU
		{905E69E3-EB14-4DB3-907C-F6B18F213250}.Release|Any CPU.Build.0 = Release|Any CPU
		{4772039E-77F2-4055-B9E0-197403B5EE35}.Debug|Any CPU.ActiveCfg = Debug|Any CPU
		{4772039E-77F2-4055-B9E0-197403B5EE35}.Debug|Any CPU.Build.0 = Debug|Any CPU
		{4772039E-77F2-4055-B9E0-197403B5EE35}.Release|Any CPU.ActiveCfg = Release|Any CPU
		{4772039E-77F2-4055-B9E0-197403B5EE35}.Release|Any CPU.Build.0 = Release|Any CPU
		{4F4564E0-F335-4951-B19E-EF40B56FC787}.Debug|Any CPU.ActiveCfg = Debug|Any CPU
		{4F4564E0-F335-4951-B19E-EF40B56FC787}.Debug|Any CPU.Build.0 = Debug|Any CPU
		{4F4564E0-F335-4951-B19E-EF40B56FC787}.Release|Any CPU.ActiveCfg = Release|Any CPU
		{4F4564E0-F335-4951-B19E-EF40B56FC787}.Release|Any CPU.Build.0 = Release|Any CPU
		{FB0FDC78-6AA1-422B-8A5D-AA137CC3D28D}.Debug|Any CPU.ActiveCfg = Debug|Any CPU
		{FB0FDC78-6AA1-422B-8A5D-AA137CC3D28D}.Debug|Any CPU.Build.0 = Debug|Any CPU
		{FB0FDC78-6AA1-422B-8A5D-AA137CC3D28D}.Release|Any CPU.ActiveCfg = Release|Any CPU
		{FB0FDC78-6AA1-422B-8A5D-AA137CC3D28D}.Release|Any CPU.Build.0 = Release|Any CPU
		{4251DD9D-24B6-4302-8C18-5FA3A1295A3E}.Debug|Any CPU.ActiveCfg = Debug|Any CPU
		{4251DD9D-24B6-4302-8C18-5FA3A1295A3E}.Debug|Any CPU.Build.0 = Debug|Any CPU
		{4251DD9D-24B6-4302-8C18-5FA3A1295A3E}.Release|Any CPU.ActiveCfg = Release|Any CPU
		{4251DD9D-24B6-4302-8C18-5FA3A1295A3E}.Release|Any CPU.Build.0 = Release|Any CPU
		{C2572E66-0104-48C7-B83F-507A9D4AB7A3}.Debug|Any CPU.ActiveCfg = Debug|Any CPU
		{C2572E66-0104-48C7-B83F-507A9D4AB7A3}.Debug|Any CPU.Build.0 = Debug|Any CPU
		{C2572E66-0104-48C7-B83F-507A9D4AB7A3}.Release|Any CPU.ActiveCfg = Release|Any CPU
		{C2572E66-0104-48C7-B83F-507A9D4AB7A3}.Release|Any CPU.Build.0 = Release|Any CPU
		{60E3A31F-0F0E-42F2-9B2E-4298D038B345}.Debug|Any CPU.ActiveCfg = Debug|Any CPU
		{60E3A31F-0F0E-42F2-9B2E-4298D038B345}.Debug|Any CPU.Build.0 = Debug|Any CPU
		{60E3A31F-0F0E-42F2-9B2E-4298D038B345}.Release|Any CPU.ActiveCfg = Release|Any CPU
		{60E3A31F-0F0E-42F2-9B2E-4298D038B345}.Release|Any CPU.Build.0 = Release|Any CPU
		{DF1747F3-1A95-423E-815B-CC5484271249}.Debug|Any CPU.ActiveCfg = Debug|Any CPU
		{DF1747F3-1A95-423E-815B-CC5484271249}.Debug|Any CPU.Build.0 = Debug|Any CPU
		{DF1747F3-1A95-423E-815B-CC5484271249}.Release|Any CPU.ActiveCfg = Release|Any CPU
		{DF1747F3-1A95-423E-815B-CC5484271249}.Release|Any CPU.Build.0 = Release|Any CPU
		{65938D47-10FB-437C-812C-647FB3451D00}.Debug|Any CPU.ActiveCfg = Debug|Any CPU
		{65938D47-10FB-437C-812C-647FB3451D00}.Debug|Any CPU.Build.0 = Debug|Any CPU
		{65938D47-10FB-437C-812C-647FB3451D00}.Release|Any CPU.ActiveCfg = Release|Any CPU
		{65938D47-10FB-437C-812C-647FB3451D00}.Release|Any CPU.Build.0 = Release|Any CPU
	EndGlobalSection
	GlobalSection(SolutionProperties) = preSolution
		HideSolutionNode = FALSE
	EndGlobalSection
	GlobalSection(NestedProjects) = preSolution
		{7C5DE166-1CBF-4805-B333-09226A7489C5} = {1A6D9E00-FD4D-40BB-84D6-E4CE16B4661F}
		{0BED4446-AB2A-4E47-88F9-5135EED296B0} = {19EA5881-B7AF-4904-96F1-A2F959D7296A}
		{97F61C98-1533-4D87-8294-BA169BF679B7} = {B261CD09-D0BF-46CC-B300-B10323AD5FEB}
		{905E69E3-EB14-4DB3-907C-F6B18F213250} = {E24FA9B1-CFEB-44E7-BF96-CA323CEFCB0E}
		{AEE5E764-C8D2-401B-A55C-C211630E6D0F} = {B261CD09-D0BF-46CC-B300-B10323AD5FEB}
		{4772039E-77F2-4055-B9E0-197403B5EE35} = {AEE5E764-C8D2-401B-A55C-C211630E6D0F}
		{4F4564E0-F335-4951-B19E-EF40B56FC787} = {79E295EA-5E02-425D-A714-937DED173BB0}
		{FB0FDC78-6AA1-422B-8A5D-AA137CC3D28D} = {00F942B3-47AB-4858-B868-8A142A8A437F}
		{4251DD9D-24B6-4302-8C18-5FA3A1295A3E} = {7CDBA482-FF69-40CB-A7AF-B6223ACB5CAF}
		{C2572E66-0104-48C7-B83F-507A9D4AB7A3} = {CBA5C47A-8D5A-4689-A8AE-A56D46F490C6}
		{60E3A31F-0F0E-42F2-9B2E-4298D038B345} = {6D98CB0C-392A-475F-BD7C-FB1024186960}
		{DF1747F3-1A95-423E-815B-CC5484271249} = {F1270D7F-F7E9-44CA-B626-7FCBC65FE0F2}
		{65938D47-10FB-437C-812C-647FB3451D00} = {C5F15A51-4ED0-4B8A-ADD8-32ADAE7A43D1}
	EndGlobalSection
	GlobalSection(ExtensibilityGlobals) = postSolution
		SolutionGuid = {50E332F1-2D81-4E61-9F3E-D84E34A0B2CB}
	EndGlobalSection
EndGlobal
